
Microsoft Visual Studio Solution File, Format Version 12.00
# Visual Studio Version 16
VisualStudioVersion = 16.0.31729.503
MinimumVisualStudioVersion = 10.0.40219.1
Project("{FAE04EC0-301F-11D3-BF4B-00C04F79EFBC}") = "WebShop", "WebShop\WebShop.csproj", "{B3B51013-5DB6-4D53-8BF4-2F40EAB7FB46}"
EndProject
Global
	GlobalSection(SolutionConfigurationPlatforms) = preSolution
		Debug|Any CPU = Debug|Any CPU
		Release|Any CPU = Release|Any CPU
	EndGlobalSection
	GlobalSection(ProjectConfigurationPlatforms) = postSolution
		{B3B51013-5DB6-4D53-8BF4-2F40EAB7FB46}.Debug|Any CPU.ActiveCfg = Debug|Any CPU
		{B3B51013-5DB6-4D53-8BF4-2F40EAB7FB46}.Debug|Any CPU.Build.0 = Debug|Any CPU
		{B3B51013-5DB6-4D53-8BF4-2F40EAB7FB46}.Release|Any CPU.ActiveCfg = Release|Any CPU
		{B3B51013-5DB6-4D53-8BF4-2F40EAB7FB46}.Release|Any CPU.Build.0 = Release|Any CPU
	EndGlobalSection
	GlobalSection(SolutionProperties) = preSolution
		HideSolutionNode = FALSE
	EndGlobalSection
	GlobalSection(ExtensibilityGlobals) = postSolution
		SolutionGuid = {D3810B5E-E2C1-42CB-9491-CAAC11E5124E}
	EndGlobalSection
EndGlobal
